{
  "ailang_version": "v0.9.2-200-gc3a0a83a-dirty",
  "generated_at": "2026-03-26T20:57:08.356161Z",
  "generator": "ailang lock v0.9.2-200-gc3a0a83a-dirty",
  "packages": [
    {
      "ailang": ">=0.9.5",
      "content_hash": "sha256:a3e463d35bba9cfd443bbc7e7c7f74188281be2f943c7983b2ee99f1ed89d13a",
      "effects": [
        "Env",
        "FS",
        "Net"
      ],
      "exports": [
        "sunholo/gcp_auth/project",
        "sunholo/gcp_auth/token"
      ],
      "interface_hash": "sha256:2e381af52297f5d02ab20b70ebc79d261973b3bc664f91fb11036f086588f137",
      "name": "sunholo/gcp_auth",
      "source": "registry",
      "version": "0.8.0"
    },
    {
      "ailang": ">=0.9.2",
      "content_hash": "sha256:c46261afbc0b2267a4505226c0fc74884cb3c8b6bbc6c539f16e9931e4ee16f0",
      "effects": [],
      "exports": [
        "sunholo/gemini_live/config",
        "sunholo/gemini_live/endpoints",
        "sunholo/gemini_live/messages",
        "sunholo/gemini_live/parsers",
        "sunholo/gemini_live/voices"
      ],
      "interface_hash": "sha256:3678e8cdad26783f0299de5b59ee835ab2a4d4cc0a640e3a500c700f13dff7a8",
      "name": "sunholo/gemini_live",
      "source": "registry",
      "version": "0.3.0"
    },
    {
      "ailang": ">=0.9.2",
      "content_hash": "sha256:ad23c73004ff9a1737767ee955ab7956a169b0f8dcbf1d3a7f6e0d0a176dac45",
      "effects": null,
      "exports": [
        "sunholo/logging/logger"
      ],
      "interface_hash": "sha256:99ebe707436f715a52bf897a8c4cca699acfbd83ff007a3d8e16f1c5608ce1e7",
      "name": "sunholo/logging",
      "source": "registry",
      "version": "0.4.0"
    }
  ],
  "schema": "ailang.lock/v1",
  "schema_version": "1.0.0"
}
