{
  "ailang_version": "v0.39.4-10-g6f3a96683-dirty",
  "generated_at": "2026-09-17T16:47:32.516425Z",
  "generator": "ailang lock v0.39.4-10-g6f3a96683-dirty",
  "packages": [
    {
      "ailang": ">=0.9.2",
      "content_hash": "sha256:8dd6d445b1ed09ee7576f1a6e6d8b27ee1011f269bb19071b5741150a973f753",
      "effects": [],
      "exports": [
        "sunholo/a2ui/components",
        "sunholo/a2ui/protocol_v091"
      ],
      "interface_hash": "sha256:4d9b34c239e8a3174920adf1bdf6ea9cbec492601f9de30c1f067ebfeb0b27b9",
      "name": "sunholo/a2ui",
      "path": "/Users/voightkampff/dev/sunholo-data/ailang-packages/packages/a2ui",
      "source": "path",
      "version": "0.3.0"
    },
    {
      "ailang": ">=0.35.0",
      "content_hash": "sha256:861d1e9953ab4e441ac25df15b5287b751888b12c20e8a02d25da65a41fd045a",
      "effects": [
        "IO"
      ],
      "exports": [
        "sunholo/agui/events",
        "sunholo/agui/input"
      ],
      "interface_hash": "sha256:2c4ba6050529c017668819fe88f2c3a798ba280c19dd10a4783b1b591c094ace",
      "name": "sunholo/agui",
      "path": "/Users/voightkampff/dev/sunholo-data/ailang-packages/packages/agui",
      "source": "path",
      "version": "0.2.0"
    },
    {
      "ailang": ">=0.35.0",
      "content_hash": "sha256:0b91db78c1efb3d41c8eed6769ad6028bb80763c916769b3ebd79d35cd4cc18e",
      "effects": [
        "IO",
        "Net"
      ],
      "exports": [
        "sunholo/discord/client"
      ],
      "interface_hash": "sha256:fbc3b2d03cc5eeb4e7f0857f78197bdc184e3e6eed0309e15d9edeeab6a1e11d",
      "name": "sunholo/discord",
      "path": "/Users/voightkampff/dev/sunholo-data/ailang-packages/packages/discord",
      "source": "path",
      "version": "0.2.0"
    }
  ],
  "schema": "ailang.lock/v1",
  "schema_version": "1.0.0"
}
